
Microsoft Visual Studio Solution File, Format Version 12.00
# Visual Studio Version 17
VisualStudioVersion = 17.13.35806.99 d17.13
MinimumVisualStudioVersion = 10.0.40219.1
Project("{FAE04EC0-301F-11D3-BF4B-00C04F79EFBC}") = "CaloriMate1", "CaloriMate1\CaloriMate1.csproj", "{28EC96C0-B9C0-4CFB-B75C-3DD6029AC8FE}"
EndProject
Global
	GlobalSection(SolutionConfigurationPlatforms) = preSolution
		Debug|Any CPU = Debug|Any CPU
		Release|Any CPU = Release|Any CPU
	EndGlobalSection
	GlobalSection(ProjectConfigurationPlatforms) = postSolution
		{28EC96C0-B9C0-4CFB-B75C-3DD6029AC8FE}.Debug|Any CPU.ActiveCfg = Debug|Any CPU
		{28EC96C0-B9C0-4CFB-B75C-3DD6029AC8FE}.Debug|Any CPU.Build.0 = Debug|Any CPU
		{28EC96C0-B9C0-4CFB-B75C-3DD6029AC8FE}.Debug|Any CPU.Deploy.0 = Debug|Any CPU
		{28EC96C0-B9C0-4CFB-B75C-3DD6029AC8FE}.Release|Any CPU.ActiveCfg = Release|Any CPU
		{28EC96C0-B9C0-4CFB-B75C-3DD6029AC8FE}.Release|Any CPU.Build.0 = Release|Any CPU
		{28EC96C0-B9C0-4CFB-B75C-3DD6029AC8FE}.Release|Any CPU.Deploy.0 = Release|Any CPU
	EndGlobalSection
	GlobalSection(SolutionProperties) = preSolution
		HideSolutionNode = FALSE
	EndGlobalSection
	GlobalSection(ExtensibilityGlobals) = postSolution
		SolutionGuid = {65B7A2E2-5BFA-4A88-A157-13A9304FD9FC}
	EndGlobalSection
EndGlobal
